# Generated by move; do not edit
# This file should be checked in.

[move]
version = 4

[pinned.testnet.MoveStdlib]
source = { git = "https://github.com/MystenLabs/sui.git", subdir = "crates/sui-framework/packages/move-stdlib", rev = "384b1c7ff289b32ed2664f29dc47dbc879fa43ee" }
use_environment = "testnet"
manifest_digest = "C4FE4C91DE74CBF223B2E380AE40F592177D21870DC2D7EB6227D2D694E05363"
deps = {}

[pinned.testnet.Sui]
source = { git = "https://github.com/MystenLabs/sui.git", subdir = "crates/sui-framework/packages/sui-framework", rev = "384b1c7ff289b32ed2664f29dc47dbc879fa43ee" }
use_environment = "testnet"
manifest_digest = "7AFB66695545775FBFBB2D3078ADFD084244D5002392E837FDE21D9EA1C6D01C"
deps = { MoveStdlib = "MoveStdlib" }

[pinned.testnet.amm_extension]
source = { root = true }
use_environment = "testnet"
manifest_digest = "A690391E34E31EF9DF31FAECBAD641ECA7E4802A7102A067E66A93DBC046236B"
deps = { std = "MoveStdlib", sui = "Sui", world = "world" }

[pinned.testnet.world]
source = { local = "../../../world-contracts/contracts/world" }
use_environment = "testnet"
manifest_digest = "5745706258F61D6CE210904B3E6AE87A73CE9D31A6F93BE4718C442529332A87"
deps = { std = "MoveStdlib", sui = "Sui" }

[pinned.testnet_stillness.MoveStdlib]
source = { git = "https://github.com/MystenLabs/sui.git", subdir = "crates/sui-framework/packages/move-stdlib", rev = "384b1c7ff289b32ed2664f29dc47dbc879fa43ee" }
use_environment = "testnet_stillness"
manifest_digest = "C4FE4C91DE74CBF223B2E380AE40F592177D21870DC2D7EB6227D2D694E05363"
deps = {}

[pinned.testnet_stillness.Sui]
source = { git = "https://github.com/MystenLabs/sui.git", subdir = "crates/sui-framework/packages/sui-framework", rev = "384b1c7ff289b32ed2664f29dc47dbc879fa43ee" }
use_environment = "testnet_stillness"
manifest_digest = "38D8855849DF7CA0FAD3B9510DD9EC3755149F5B283E45CA6547194ADFF90D73"
deps = { MoveStdlib = "MoveStdlib" }

[pinned.testnet_stillness.amm_extension]
source = { root = true }
use_environment = "testnet_stillness"
manifest_digest = "CB7D72F54357C639393D6584CFFF318D4B2B7928BF042A760257476AA3BF9A55"
deps = { std = "MoveStdlib", sui = "Sui", world = "world" }

[pinned.testnet_stillness.world]
source = { local = "../../../world-contracts/contracts/world" }
use_environment = "testnet_stillness"
manifest_digest = "16363423CD37589C5B9A56E3F9E984FED988276E0134635135B45CB4480A9484"
deps = { std = "MoveStdlib", sui = "Sui" }
